
Microsoft Visual Studio Solution File, Format Version 12.00
# Visual Studio Version 16
VisualStudioVersion = 16.0.30907.101
MinimumVisualStudioVersion = 10.0.40219.1
Project("{FAE04EC0-301F-11D3-BF4B-00C04F79EFBC}") = "ckeditor5blazor", "ckeditor5blazor\ckeditor5blazor.csproj", "{407D5531-C680-401F-AB94-38F774C485F9}"
EndProject
Global
	GlobalSection(SolutionConfigurationPlatforms) = preSolution
		Debug|Any CPU = Debug|Any CPU
		Release|Any CPU = Release|Any CPU
	EndGlobalSection
	GlobalSection(ProjectConfigurationPlatforms) = postSolution
		{407D5531-C680-401F-AB94-38F774C485F9}.Debug|Any CPU.ActiveCfg = Debug|Any CPU
		{407D5531-C680-401F-AB94-38F774C485F9}.Debug|Any CPU.Build.0 = Debug|Any CPU
		{407D5531-C680-401F-AB94-38F774C485F9}.Release|Any CPU.ActiveCfg = Release|Any CPU
		{407D5531-C680-401F-AB94-38F774C485F9}.Release|Any CPU.Build.0 = Release|Any CPU
	EndGlobalSection
	GlobalSection(SolutionProperties) = preSolution
		HideSolutionNode = FALSE
	EndGlobalSection
	GlobalSection(ExtensibilityGlobals) = postSolution
		SolutionGuid = {2056E45F-5EA2-4BB1-9B94-E2500F02D2DF}
	EndGlobalSection
EndGlobal
